
Microsoft Visual Studio Solution File, Format Version 12.00
# Visual Studio 15
VisualStudioVersion = 15.0.26124.0
MinimumVisualStudioVersion = 15.0.26124.0
Project("{9A19103F-16F7-4668-BE54-9A1E7A4F7556}") = "R5T.Scotia.Construction", "R5T.Scotia.Construction\R5T.Scotia.Construction.csproj", "{3132A147-535F-4E99-B94E-C329DE48D5D1}"
EndProject
Project("{9A19103F-16F7-4668-BE54-9A1E7A4F7556}") = "R5T.Scotia", "R5T.Scotia\R5T.Scotia.csproj", "{5831A880-705C-472E-AFD8-C442FA5F5B43}"
EndProject
Project("{9A19103F-16F7-4668-BE54-9A1E7A4F7556}") = "R5T.Scotia.Testing", "R5T.Scotia.Testing\R5T.Scotia.Testing.csproj", "{B29DA917-E978-44D3-B205-DA6AB533864B}"
EndProject
Project("{2150E333-8FDC-42A3-9474-1A3956D46DE8}") = "_Dependencies", "_Dependencies", "{02231DAD-9170-4A25-8A5B-A7E43B909B32}"
EndProject
Project("{9A19103F-16F7-4668-BE54-9A1E7A4F7556}") = "R5T.Chamavia", "..\..\R5T.Chamavia\source\R5T.Chamavia\R5T.Chamavia.csproj", "{74545473-644B-4E6C-93ED-3C28A3644C1F}"
EndProject
Project("{9A19103F-16F7-4668-BE54-9A1E7A4F7556}") = "R5T.Visigothia.Default.Local", "..\..\R5T.Visigothia.Default.Local\source\R5T.Visigothia.Default.Local\R5T.Visigothia.Default.Local.csproj", "{92BAAF09-712A-4C42-89DE-27C5C2353B6B}"
EndProject
Project("{9A19103F-16F7-4668-BE54-9A1E7A4F7556}") = "R5T.Visigothia.Base", "..\..\R5T.Visigothia.Base\source\R5T.Visigothia.Base\R5T.Visigothia.Base.csproj", "{8178B3B7-4F14-4644-B299-C0A2B751518B}"
EndProject
Project("{9A19103F-16F7-4668-BE54-9A1E7A4F7556}") = "R5T.Dacia", "..\..\R5T.Dacia\source\R5T.Dacia\R5T.Dacia.csproj", "{32F87F58-A217-42EE-AA44-3919A593A0FB}"
EndProject
Project("{9A19103F-16F7-4668-BE54-9A1E7A4F7556}") = "R5T.Lombardy", "..\..\R5T.Lombardy\source\R5T.Lombardy\R5T.Lombardy.csproj", "{499228E1-6342-4E60-BC15-47FAF0DCEF88}"
EndProject
Project("{9A19103F-16F7-4668-BE54-9A1E7A4F7556}") = "R5T.Cherusci", "..\..\R5T.Cherusci\source\R5T.Cherusci\R5T.Cherusci.csproj", "{AF17283F-B1D6-4340-B4BC-C39471F95DE8}"
EndProject
Project("{9A19103F-16F7-4668-BE54-9A1E7A4F7556}") = "R5T.Lombardy.Base", "..\..\R5T.Lombardy.Base\source\R5T.Lombardy.Base\R5T.Lombardy.Base.csproj", "{00E49CE3-96BD-4FB9-B5C0-599594F37EA1}"
EndProject
Project("{9A19103F-16F7-4668-BE54-9A1E7A4F7556}") = "R5T.Magyar", "..\..\R5T.Magyar\source\R5T.Magyar\R5T.Magyar.csproj", "{27512690-217F-4EF3-B3A4-E9D476A32987}"
EndProject
Project("{9A19103F-16F7-4668-BE54-9A1E7A4F7556}") = "R5T.Rugia", "..\..\R5T.Rugia\source\R5T.Rugia\R5T.Rugia.csproj", "{5AAE5478-02FF-4167-BBB5-E781F5FF6768}"
EndProject
Project("{9A19103F-16F7-4668-BE54-9A1E7A4F7556}") = "R5T.Rugia.Base", "..\..\R5T.Rugia.Base\source\R5T.Rugia.Base\R5T.Rugia.Base.csproj", "{D0B15888-2D6E-4B09-A25C-CEB0ACF5EACA}"
EndProject
Project("{9A19103F-16F7-4668-BE54-9A1E7A4F7556}") = "R5T.Bulgaria.Default.Local", "..\..\R5T.Bulgaria.Default.Local\source\R5T.Bulgaria.Default.Local\R5T.Bulgaria.Default.Local.csproj", "{FF892A3A-6CD0-4B27-A153-317EEAB8C3BA}"
EndProject
Project("{9A19103F-16F7-4668-BE54-9A1E7A4F7556}") = "R5T.Bulgaria.Base", "..\..\R5T.Bulgaria.Base\source\R5T.Bulgaria.Base\R5T.Bulgaria.Base.csproj", "{41CC057B-14EB-4794-A1D4-178FA741099A}"
EndProject
Project("{9A19103F-16F7-4668-BE54-9A1E7A4F7556}") = "R5T.Alamania.Bulgaria", "..\..\R5T.Alamania.Bulgaria\source\R5T.Alamania.Bulgaria\R5T.Alamania.Bulgaria.csproj", "{A06B94D7-C8E5-4785-9B3D-3BB83FF17801}"
EndProject
Project("{9A19103F-16F7-4668-BE54-9A1E7A4F7556}") = "R5T.Alamania.Base", "..\..\R5T.Alamania.Base\source\R5T.Alamania.Base\R5T.Alamania.Base.csproj", "{7FBF35F3-305E-480E-8827-AA764D82BE4A}"
EndProject
Project("{9A19103F-16F7-4668-BE54-9A1E7A4F7556}") = "R5T.Costobocia.Base", "..\..\R5T.Costobocia.Base\source\R5T.Costobocia.Base\R5T.Costobocia.Base.csproj", "{09630855-9FC2-47B2-A517-B19DE5028E23}"
EndProject
Project("{9A19103F-16F7-4668-BE54-9A1E7A4F7556}") = "R5T.Costobocia.Default", "..\..\R5T.Costobocia.Default\source\R5T.Costobocia.Default\R5T.Costobocia.Default.csproj", "{E7C1F9AE-61DA-45AA-8D47-F3F3F1E4D138}"
EndProject
Project("{9A19103F-16F7-4668-BE54-9A1E7A4F7556}") = "R5T.Suebia.Alamania", "..\..\R5T.Suebia.Alamania\source\R5T.Suebia.Alamania\R5T.Suebia.Alamania.csproj", "{90B07AC7-1B8B-459D-BEDC-ED6C4D19864E}"
EndProject
Project("{9A19103F-16F7-4668-BE54-9A1E7A4F7556}") = "R5T.Suebia.Base", "..\..\R5T.Suebia.Base\source\R5T.Suebia.Base\R5T.Suebia.Base.csproj", "{296D8627-3630-42CC-85E9-52D6CCB89287}"
EndProject
Project("{9A19103F-16F7-4668-BE54-9A1E7A4F7556}") = "R5T.Suebia.Default", "..\..\R5T.Suebia.Default\source\R5T.Suebia.Default\R5T.Suebia.Default.csproj", "{9741409D-DCA5-48DC-8A11-8C23D26DC981}"
EndProject
Project("{9A19103F-16F7-4668-BE54-9A1E7A4F7556}") = "R5T.Ostrogothia.Abstractions", "..\..\R5T.Ostrogothia\source\R5T.Ostrogothia.Abstractions\R5T.Ostrogothia.Abstractions.csproj", "{D5A5BD2E-C707-4C69-89D0-71665C5C0378}"
EndProject
Project("{9A19103F-16F7-4668-BE54-9A1E7A4F7556}") = "R5T.Ostrogothia.Types", "..\..\R5T.Ostrogothia\source\R5T.Ostrogothia.Types\R5T.Ostrogothia.Types.csproj", "{B7525F3C-0A64-4429-A826-FF714D3492B4}"
EndProject
Project("{9A19103F-16F7-4668-BE54-9A1E7A4F7556}") = "R5T.Ostrogothia.Rivet.Types", "..\..\R5T.Ostrogothia.Rivet.Private\source\R5T.Ostrogothia.Rivet.Types\R5T.Ostrogothia.Rivet.Types.csproj", "{EB57B12A-A4DA-4AC8-94F1-D4CFCCDE01D7}"
EndProject
Project("{9A19103F-16F7-4668-BE54-9A1E7A4F7556}") = "R5T.Dacia.Extensions", "..\..\R5T.Dacia.Extensions\source\R5T.Dacia.Extensions\R5T.Dacia.Extensions.csproj", "{2958391C-4354-4855-A8B6-183172052C45}"
EndProject
Project("{9A19103F-16F7-4668-BE54-9A1E7A4F7556}") = "R5T.Quadia", "..\..\R5T.Quadia\source\R5T.Quadia\R5T.Quadia.csproj", "{15A06E2B-0ED9-493B-85F2-BA1EA791E187}"
EndProject
Global
	GlobalSection(SolutionConfigurationPlatforms) = preSolution
		Debug|Any CPU = Debug|Any CPU
		Debug|x64 = Debug|x64
		Debug|x86 = Debug|x86
		Release|Any CPU = Release|Any CPU
		Release|x64 = Release|x64
		Release|x86 = Release|x86
	EndGlobalSection
	GlobalSection(ProjectConfigurationPlatforms) = postSolution
		{3132A147-535F-4E99-B94E-C329DE48D5D1}.Debug|Any CPU.ActiveCfg = Debug|Any CPU
		{3132A147-535F-4E99-B94E-C329DE48D5D1}.Debug|Any CPU.Build.0 = Debug|Any CPU
		{3132A147-535F-4E99-B94E-C329DE48D5D1}.Debug|x64.ActiveCfg = Debug|Any CPU
		{3132A147-535F-4E99-B94E-C329DE48D5D1}.Debug|x64.Build.0 = Debug|Any CPU
		{3132A147-535F-4E99-B94E-C329DE48D5D1}.Debug|x86.ActiveCfg = Debug|Any CPU
		{3132A147-535F-4E99-B94E-C329DE48D5D1}.Debug|x86.Build.0 = Debug|Any CPU
		{3132A147-535F-4E99-B94E-C329DE48D5D1}.Release|Any CPU.ActiveCfg = Release|Any CPU
		{3132A147-535F-4E99-B94E-C329DE48D5D1}.Release|Any CPU.Build.0 = Release|Any CPU
		{3132A147-535F-4E99-B94E-C329DE48D5D1}.Release|x64.ActiveCfg = Release|Any CPU
		{3132A147-535F-4E99-B94E-C329DE48D5D1}.Release|x64.Build.0 = Release|Any CPU
		{3132A147-535F-4E99-B94E-C329DE48D5D1}.Release|x86.ActiveCfg = Release|Any CPU
		{3132A147-535F-4E99-B94E-C329DE48D5D1}.Release|x86.Build.0 = Release|Any CPU
		{5831A880-705C-472E-AFD8-C442FA5F5B43}.Debug|Any CPU.ActiveCfg = Debug|Any CPU
		{5831A880-705C-472E-AFD8-C442FA5F5B43}.Debug|Any CPU.Build.0 = Debug|Any CPU
		{5831A880-705C-472E-AFD8-C442FA5F5B43}.Debug|x64.ActiveCfg = Debug|Any CPU
		{5831A880-705C-472E-AFD8-C442FA5F5B43}.Debug|x64.Build.0 = Debug|Any CPU
		{5831A880-705C-472E-AFD8-C442FA5F5B43}.Debug|x86.ActiveCfg = Debug|Any CPU
		{5831A880-705C-472E-AFD8-C442FA5F5B43}.Debug|x86.Build.0 = Debug|Any CPU
		{5831A880-705C-472E-AFD8-C442FA5F5B43}.Release|Any CPU.ActiveCfg = Release|Any CPU
		{5831A880-705C-472E-AFD8-C442FA5F5B43}.Release|Any CPU.Build.0 = Release|Any CPU
		{5831A880-705C-472E-AFD8-C442FA5F5B43}.Release|x64.ActiveCfg = Release|Any CPU
		{5831A880-705C-472E-AFD8-C442FA5F5B43}.Release|x64.Build.0 = Release|Any CPU
		{5831A880-705C-472E-AFD8-C442FA5F5B43}.Release|x86.ActiveCfg = Release|Any CPU
		{5831A880-705C-472E-AFD8-C442FA5F5B43}.Release|x86.Build.0 = Release|Any CPU
		{B29DA917-E978-44D3-B205-DA6AB533864B}.Debug|Any CPU.ActiveCfg = Debug|Any CPU
		{B29DA917-E978-44D3-B205-DA6AB533864B}.Debug|Any CPU.Build.0 = Debug|Any CPU
		{B29DA917-E978-44D3-B205-DA6AB533864B}.Debug|x64.ActiveCfg = Debug|Any CPU
		{B29DA917-E978-44D3-B205-DA6AB533864B}.Debug|x64.Build.0 = Debug|Any CPU
		{B29DA917-E978-44D3-B205-DA6AB533864B}.Debug|x86.ActiveCfg = Debug|Any CPU
		{B29DA917-E978-44D3-B205-DA6AB533864B}.Debug|x86.Build.0 = Debug|Any CPU
		{B29DA917-E978-44D3-B205-DA6AB533864B}.Release|Any CPU.ActiveCfg = Release|Any CPU
		{B29DA917-E978-44D3-B205-DA6AB533864B}.Release|Any CPU.Build.0 = Release|Any CPU
		{B29DA917-E978-44D3-B205-DA6AB533864B}.Release|x64.ActiveCfg = Release|Any CPU
		{B29DA917-E978-44D3-B205-DA6AB533864B}.Release|x64.Build.0 = Release|Any CPU
		{B29DA917-E978-44D3-B205-DA6AB533864B}.Release|x86.ActiveCfg = Release|Any CPU
		{B29DA917-E978-44D3-B205-DA6AB533864B}.Release|x86.Build.0 = Release|Any CPU
		{74545473-644B-4E6C-93ED-3C28A3644C1F}.Debug|Any CPU.ActiveCfg = Debug|Any CPU
		{74545473-644B-4E6C-93ED-3C28A3644C1F}.Debug|Any CPU.Build.0 = Debug|Any CPU
		{74545473-644B-4E6C-93ED-3C28A3644C1F}.Debug|x64.ActiveCfg = Debug|Any CPU
		{74545473-644B-4E6C-93ED-3C28A3644C1F}.Debug|x64.Build.0 = Debug|Any CPU
		{74545473-644B-4E6C-93ED-3C28A3644C1F}.Debug|x86.ActiveCfg = Debug|Any CPU
		{74545473-644B-4E6C-93ED-3C28A3644C1F}.Debug|x86.Build.0 = Debug|Any CPU
		{74545473-644B-4E6C-93ED-3C28A3644C1F}.Release|Any CPU.ActiveCfg = Release|Any CPU
		{74545473-644B-4E6C-93ED-3C28A3644C1F}.Release|Any CPU.Build.0 = Release|Any CPU
		{74545473-644B-4E6C-93ED-3C28A3644C1F}.Release|x64.ActiveCfg = Release|Any CPU
		{74545473-644B-4E6C-93ED-3C28A3644C1F}.Release|x64.Build.0 = Release|Any CPU
		{74545473-644B-4E6C-93ED-3C28A3644C1F}.Release|x86.ActiveCfg = Release|Any CPU
		{74545473-644B-4E6C-93ED-3C28A3644C1F}.Release|x86.Build.0 = Release|Any CPU
		{92BAAF09-712A-4C42-89DE-27C5C2353B6B}.Debug|Any CPU.ActiveCfg = Debug|Any CPU
		{92BAAF09-712A-4C42-89DE-27C5C2353B6B}.Debug|Any CPU.Build.0 = Debug|Any CPU
		{92BAAF09-712A-4C42-89DE-27C5C2353B6B}.Debug|x64.ActiveCfg = Debug|Any CPU
		{92BAAF09-712A-4C42-89DE-27C5C2353B6B}.Debug|x64.Build.0 = Debug|Any CPU
		{92BAAF09-712A-4C42-89DE-27C5C2353B6B}.Debug|x86.ActiveCfg = Debug|Any CPU
		{92BAAF09-712A-4C42-89DE-27C5C2353B6B}.Debug|x86.Build.0 = Debug|Any CPU
		{92BAAF09-712A-4C42-89DE-27C5C2353B6B}.Release|Any CPU.ActiveCfg = Release|Any CPU
		{92BAAF09-712A-4C42-89DE-27C5C2353B6B}.Release|Any CPU.Build.0 = Release|Any CPU
		{92BAAF09-712A-4C42-89DE-27C5C2353B6B}.Release|x64.ActiveCfg = Release|Any CPU
		{92BAAF09-712A-4C42-89DE-27C5C2353B6B}.Release|x64.Build.0 = Release|Any CPU
		{92BAAF09-712A-4C42-89DE-27C5C2353B6B}.Release|x86.ActiveCfg = Release|Any CPU
		{92BAAF09-712A-4C42-89DE-27C5C2353B6B}.Release|x86.Build.0 = Release|Any CPU
		{8178B3B7-4F14-4644-B299-C0A2B751518B}.Debug|Any CPU.ActiveCfg = Debug|Any CPU
		{8178B3B7-4F14-4644-B299-C0A2B751518B}.Debug|Any CPU.Build.0 = Debug|Any CPU
		{8178B3B7-4F14-4644-B299-C0A2B751518B}.Debug|x64.ActiveCfg = Debug|Any CPU
		{8178B3B7-4F14-4644-B299-C0A2B751518B}.Debug|x64.Build.0 = Debug|Any CPU
		{8178B3B7-4F14-4644-B299-C0A2B751518B}.Debug|x86.ActiveCfg = Debug|Any CPU
		{8178B3B7-4F14-4644-B299-C0A2B751518B}.Debug|x86.Build.0 = Debug|Any CPU
		{8178B3B7-4F14-4644-B299-C0A2B751518B}.Release|Any CPU.ActiveCfg = Release|Any CPU
		{8178B3B7-4F14-4644-B299-C0A2B751518B}.Release|Any CPU.Build.0 = Release|Any CPU
		{8178B3B7-4F14-4644-B299-C0A2B751518B}.Release|x64.ActiveCfg = Release|Any CPU
		{8178B3B7-4F14-4644-B299-C0A2B751518B}.Release|x64.Build.0 = Release|Any CPU
		{8178B3B7-4F14-4644-B299-C0A2B751518B}.Release|x86.ActiveCfg = Release|Any CPU
		{8178B3B7-4F14-4644-B299-C0A2B751518B}.Release|x86.Build.0 = Release|Any CPU
		{32F87F58-A217-42EE-AA44-3919A593A0FB}.Debug|Any CPU.ActiveCfg = Debug|Any CPU
		{32F87F58-A217-42EE-AA44-3919A593A0FB}.Debug|Any CPU.Build.0 = Debug|Any CPU
		{32F87F58-A217-42EE-AA44-3919A593A0FB}.Debug|x64.ActiveCfg = Debug|Any CPU
		{32F87F58-A217-42EE-AA44-3919A593A0FB}.Debug|x64.Build.0 = Debug|Any CPU
		{32F87F58-A217-42EE-AA44-3919A593A0FB}.Debug|x86.ActiveCfg = Debug|Any CPU
		{32F87F58-A217-42EE-AA44-3919A593A0FB}.Debug|x86.Build.0 = Debug|Any CPU
		{32F87F58-A217-42EE-AA44-3919A593A0FB}.Release|Any CPU.ActiveCfg = Release|Any CPU
		{32F87F58-A217-42EE-AA44-3919A593A0FB}.Release|Any CPU.Build.0 = Release|Any CPU
		{32F87F58-A217-42EE-AA44-3919A593A0FB}.Release|x64.ActiveCfg = Release|Any CPU
		{32F87F58-A217-42EE-AA44-3919A593A0FB}.Release|x64.Build.0 = Release|Any CPU
		{32F87F58-A217-42EE-AA44-3919A593A0FB}.Release|x86.ActiveCfg = Release|Any CPU
		{32F87F58-A217-42EE-AA44-3919A593A0FB}.Release|x86.Build.0 = Release|Any CPU
		{499228E1-6342-4E60-BC15-47FAF0DCEF88}.Debug|Any CPU.ActiveCfg = Debug|Any CPU
		{499228E1-6342-4E60-BC15-47FAF0DCEF88}.Debug|Any CPU.Build.0 = Debug|Any CPU
		{499228E1-6342-4E60-BC15-47FAF0DCEF88}.Debug|x64.ActiveCfg = Debug|Any CPU
		{499228E1-6342-4E60-BC15-47FAF0DCEF88}.Debug|x64.Build.0 = Debug|Any CPU
		{499228E1-6342-4E60-BC15-47FAF0DCEF88}.Debug|x86.ActiveCfg = Debug|Any CPU
		{499228E1-6342-4E60-BC15-47FAF0DCEF88}.Debug|x86.Build.0 = Debug|Any CPU
		{499228E1-6342-4E60-BC15-47FAF0DCEF88}.Release|Any CPU.ActiveCfg = Release|Any CPU
		{499228E1-6342-4E60-BC15-47FAF0DCEF88}.Release|Any CPU.Build.0 = Release|Any CPU
		{499228E1-6342-4E60-BC15-47FAF0DCEF88}.Release|x64.ActiveCfg = Release|Any CPU
		{499228E1-6342-4E60-BC15-47FAF0DCEF88}.Release|x64.Build.0 = Release|Any CPU
		{499228E1-6342-4E60-BC15-47FAF0DCEF88}.Release|x86.ActiveCfg = Release|Any CPU
		{499228E1-6342-4E60-BC15-47FAF0DCEF88}.Release|x86.Build.0 = Release|Any CPU
		{AF17283F-B1D6-4340-B4BC-C39471F95DE8}.Debug|Any CPU.ActiveCfg = Debug|Any CPU
		{AF17283F-B1D6-4340-B4BC-C39471F95DE8}.Debug|Any CPU.Build.0 = Debug|Any CPU
		{AF17283F-B1D6-4340-B4BC-C39471F95DE8}.Debug|x64.ActiveCfg = Debug|Any CPU
		{AF17283F-B1D6-4340-B4BC-C39471F95DE8}.Debug|x64.Build.0 = Debug|Any CPU
		{AF17283F-B1D6-4340-B4BC-C39471F95DE8}.Debug|x86.ActiveCfg = Debug|Any CPU
		{AF17283F-B1D6-4340-B4BC-C39471F95DE8}.Debug|x86.Build.0 = Debug|Any CPU
		{AF17283F-B1D6-4340-B4BC-C39471F95DE8}.Release|Any CPU.ActiveCfg = Release|Any CPU
		{AF17283F-B1D6-4340-B4BC-C39471F95DE8}.Release|Any CPU.Build.0 = Release|Any CPU
		{AF17283F-B1D6-4340-B4BC-C39471F95DE8}.Release|x64.ActiveCfg = Release|Any CPU
		{AF17283F-B1D6-4340-B4BC-C39471F95DE8}.Release|x64.Build.0 = Release|Any CPU
		{AF17283F-B1D6-4340-B4BC-C39471F95DE8}.Release|x86.ActiveCfg = Release|Any CPU
		{AF17283F-B1D6-4340-B4BC-C39471F95DE8}.Release|x86.Build.0 = Release|Any CPU
		{00E49CE3-96BD-4FB9-B5C0-599594F37EA1}.Debug|Any CPU.ActiveCfg = Debug|Any CPU
		{00E49CE3-96BD-4FB9-B5C0-599594F37EA1}.Debug|Any CPU.Build.0 = Debug|Any CPU
		{00E49CE3-96BD-4FB9-B5C0-599594F37EA1}.Debug|x64.ActiveCfg = Debug|Any CPU
		{00E49CE3-96BD-4FB9-B5C0-599594F37EA1}.Debug|x64.Build.0 = Debug|Any CPU
		{00E49CE3-96BD-4FB9-B5C0-599594F37EA1}.Debug|x86.ActiveCfg = Debug|Any CPU
		{00E49CE3-96BD-4FB9-B5C0-599594F37EA1}.Debug|x86.Build.0 = Debug|Any CPU
		{00E49CE3-96BD-4FB9-B5C0-599594F37EA1}.Release|Any CPU.ActiveCfg = Release|Any CPU
		{00E49CE3-96BD-4FB9-B5C0-599594F37EA1}.Release|Any CPU.Build.0 = Release|Any CPU
		{00E49CE3-96BD-4FB9-B5C0-599594F37EA1}.Release|x64.ActiveCfg = Release|Any CPU
		{00E49CE3-96BD-4FB9-B5C0-599594F37EA1}.Release|x64.Build.0 = Release|Any CPU
		{00E49CE3-96BD-4FB9-B5C0-599594F37EA1}.Release|x86.ActiveCfg = Release|Any CPU
		{00E49CE3-96BD-4FB9-B5C0-599594F37EA1}.Release|x86.Build.0 = Release|Any CPU
		{27512690-217F-4EF3-B3A4-E9D476A32987}.Debug|Any CPU.ActiveCfg = Debug|Any CPU
		{27512690-217F-4EF3-B3A4-E9D476A32987}.Debug|Any CPU.Build.0 = Debug|Any CPU
		{27512690-217F-4EF3-B3A4-E9D476A32987}.Debug|x64.ActiveCfg = Debug|Any CPU
		{27512690-217F-4EF3-B3A4-E9D476A32987}.Debug|x64.Build.0 = Debug|Any CPU
		{27512690-217F-4EF3-B3A4-E9D476A32987}.Debug|x86.ActiveCfg = Debug|Any CPU
		{27512690-217F-4EF3-B3A4-E9D476A32987}.Debug|x86.Build.0 = Debug|Any CPU
		{27512690-217F-4EF3-B3A4-E9D476A32987}.Release|Any CPU.ActiveCfg = Release|Any CPU
		{27512690-217F-4EF3-B3A4-E9D476A32987}.Release|Any CPU.Build.0 = Release|Any CPU
		{27512690-217F-4EF3-B3A4-E9D476A32987}.Release|x64.ActiveCfg = Release|Any CPU
		{27512690-217F-4EF3-B3A4-E9D476A32987}.Release|x64.Build.0 = Release|Any CPU
		{27512690-217F-4EF3-B3A4-E9D476A32987}.Release|x86.ActiveCfg = Release|Any CPU
		{27512690-217F-4EF3-B3A4-E9D476A32987}.Release|x86.Build.0 = Release|Any CPU
		{5AAE5478-02FF-4167-BBB5-E781F5FF6768}.Debug|Any CPU.ActiveCfg = Debug|Any CPU
		{5AAE5478-02FF-4167-BBB5-E781F5FF6768}.Debug|Any CPU.Build.0 = Debug|Any CPU
		{5AAE5478-02FF-4167-BBB5-E781F5FF6768}.Debug|x64.ActiveCfg = Debug|Any CPU
		{5AAE5478-02FF-4167-BBB5-E781F5FF6768}.Debug|x64.Build.0 = Debug|Any CPU
		{5AAE5478-02FF-4167-BBB5-E781F5FF6768}.Debug|x86.ActiveCfg = Debug|Any CPU
		{5AAE5478-02FF-4167-BBB5-E781F5FF6768}.Debug|x86.Build.0 = Debug|Any CPU
		{5AAE5478-02FF-4167-BBB5-E781F5FF6768}.Release|Any CPU.ActiveCfg = Release|Any CPU
		{5AAE5478-02FF-4167-BBB5-E781F5FF6768}.Release|Any CPU.Build.0 = Release|Any CPU
		{5AAE5478-02FF-4167-BBB5-E781F5FF6768}.Release|x64.ActiveCfg = Release|Any CPU
		{5AAE5478-02FF-4167-BBB5-E781F5FF6768}.Release|x64.Build.0 = Release|Any CPU
		{5AAE5478-02FF-4167-BBB5-E781F5FF6768}.Release|x86.ActiveCfg = Release|Any CPU
		{5AAE5478-02FF-4167-BBB5-E781F5FF6768}.Release|x86.Build.0 = Release|Any CPU
		{D0B15888-2D6E-4B09-A25C-CEB0ACF5EACA}.Debug|Any CPU.ActiveCfg = Debug|Any CPU
		{D0B15888-2D6E-4B09-A25C-CEB0ACF5EACA}.Debug|Any CPU.Build.0 = Debug|Any CPU
		{D0B15888-2D6E-4B09-A25C-CEB0ACF5EACA}.Debug|x64.ActiveCfg = Debug|Any CPU
		{D0B15888-2D6E-4B09-A25C-CEB0ACF5EACA}.Debug|x64.Build.0 = Debug|Any CPU
		{D0B15888-2D6E-4B09-A25C-CEB0ACF5EACA}.Debug|x86.ActiveCfg = Debug|Any CPU
		{D0B15888-2D6E-4B09-A25C-CEB0ACF5EACA}.Debug|x86.Build.0 = Debug|Any CPU
		{D0B15888-2D6E-4B09-A25C-CEB0ACF5EACA}.Release|Any CPU.ActiveCfg = Release|Any CPU
		{D0B15888-2D6E-4B09-A25C-CEB0ACF5EACA}.Release|Any CPU.Build.0 = Release|Any CPU
		{D0B15888-2D6E-4B09-A25C-CEB0ACF5EACA}.Release|x64.ActiveCfg = Release|Any CPU
		{D0B15888-2D6E-4B09-A25C-CEB0ACF5EACA}.Release|x64.Build.0 = Release|Any CPU
		{D0B15888-2D6E-4B09-A25C-CEB0ACF5EACA}.Release|x86.ActiveCfg = Release|Any CPU
		{D0B15888-2D6E-4B09-A25C-CEB0ACF5EACA}.Release|x86.Build.0 = Release|Any CPU
		{FF892A3A-6CD0-4B27-A153-317EEAB8C3BA}.Debug|Any CPU.ActiveCfg = Debug|Any CPU
		{FF892A3A-6CD0-4B27-A153-317EEAB8C3BA}.Debug|Any CPU.Build.0 = Debug|Any CPU
		{FF892A3A-6CD0-4B27-A153-317EEAB8C3BA}.Debug|x64.ActiveCfg = Debug|Any CPU
		{FF892A3A-6CD0-4B27-A153-317EEAB8C3BA}.Debug|x64.Build.0 = Debug|Any CPU
		{FF892A3A-6CD0-4B27-A153-317EEAB8C3BA}.Debug|x86.ActiveCfg = Debug|Any CPU
		{FF892A3A-6CD0-4B27-A153-317EEAB8C3BA}.Debug|x86.Build.0 = Debug|Any CPU
		{FF892A3A-6CD0-4B27-A153-317EEAB8C3BA}.Release|Any CPU.ActiveCfg = Release|Any CPU
		{FF892A3A-6CD0-4B27-A153-317EEAB8C3BA}.Release|Any CPU.Build.0 = Release|Any CPU
		{FF892A3A-6CD0-4B27-A153-317EEAB8C3BA}.Release|x64.ActiveCfg = Release|Any CPU
		{FF892A3A-6CD0-4B27-A153-317EEAB8C3BA}.Release|x64.Build.0 = Release|Any CPU
		{FF892A3A-6CD0-4B27-A153-317EEAB8C3BA}.Release|x86.ActiveCfg = Release|Any CPU
		{FF892A3A-6CD0-4B27-A153-317EEAB8C3BA}.Release|x86.Build.0 = Release|Any CPU
		{41CC057B-14EB-4794-A1D4-178FA741099A}.Debug|Any CPU.ActiveCfg = Debug|Any CPU
		{41CC057B-14EB-4794-A1D4-178FA741099A}.Debug|Any CPU.Build.0 = Debug|Any CPU
		{41CC057B-14EB-4794-A1D4-178FA741099A}.Debug|x64.ActiveCfg = Debug|Any CPU
		{41CC057B-14EB-4794-A1D4-178FA741099A}.Debug|x64.Build.0 = Debug|Any CPU
		{41CC057B-14EB-4794-A1D4-178FA741099A}.Debug|x86.ActiveCfg = Debug|Any CPU
		{41CC057B-14EB-4794-A1D4-178FA741099A}.Debug|x86.Build.0 = Debug|Any CPU
		{41CC057B-14EB-4794-A1D4-178FA741099A}.Release|Any CPU.ActiveCfg = Release|Any CPU
		{41CC057B-14EB-4794-A1D4-178FA741099A}.Release|Any CPU.Build.0 = Release|Any CPU
		{41CC057B-14EB-4794-A1D4-178FA741099A}.Release|x64.ActiveCfg = Release|Any CPU
		{41CC057B-14EB-4794-A1D4-178FA741099A}.Release|x64.Build.0 = Release|Any CPU
		{41CC057B-14EB-4794-A1D4-178FA741099A}.Release|x86.ActiveCfg = Release|Any CPU
		{41CC057B-14EB-4794-A1D4-178FA741099A}.Release|x86.Build.0 = Release|Any CPU
		{A06B94D7-C8E5-4785-9B3D-3BB83FF17801}.Debug|Any CPU.ActiveCfg = Debug|Any CPU
		{A06B94D7-C8E5-4785-9B3D-3BB83FF17801}.Debug|Any CPU.Build.0 = Debug|Any CPU
		{A06B94D7-C8E5-4785-9B3D-3BB83FF17801}.Debug|x64.ActiveCfg = Debug|Any CPU
		{A06B94D7-C8E5-4785-9B3D-3BB83FF17801}.Debug|x64.Build.0 = Debug|Any CPU
		{A06B94D7-C8E5-4785-9B3D-3BB83FF17801}.Debug|x86.ActiveCfg = Debug|Any CPU
		{A06B94D7-C8E5-4785-9B3D-3BB83FF17801}.Debug|x86.Build.0 = Debug|Any CPU
		{A06B94D7-C8E5-4785-9B3D-3BB83FF17801}.Release|Any CPU.ActiveCfg = Release|Any CPU
		{A06B94D7-C8E5-4785-9B3D-3BB83FF17801}.Release|Any CPU.Build.0 = Release|Any CPU
		{A06B94D7-C8E5-4785-9B3D-3BB83FF17801}.Release|x64.ActiveCfg = Release|Any CPU
		{A06B94D7-C8E5-4785-9B3D-3BB83FF17801}.Release|x64.Build.0 = Release|Any CPU
		{A06B94D7-C8E5-4785-9B3D-3BB83FF17801}.Release|x86.ActiveCfg = Release|Any CPU
		{A06B94D7-C8E5-4785-9B3D-3BB83FF17801}.Release|x86.Build.0 = Release|Any CPU
		{7FBF35F3-305E-480E-8827-AA764D82BE4A}.Debug|Any CPU.ActiveCfg = Debug|Any CPU
		{7FBF35F3-305E-480E-8827-AA764D82BE4A}.Debug|Any CPU.Build.0 = Debug|Any CPU
		{7FBF35F3-305E-480E-8827-AA764D82BE4A}.Debug|x64.ActiveCfg = Debug|Any CPU
		{7FBF35F3-305E-480E-8827-AA764D82BE4A}.Debug|x64.Build.0 = Debug|Any CPU
		{7FBF35F3-305E-480E-8827-AA764D82BE4A}.Debug|x86.ActiveCfg = Debug|Any CPU
		{7FBF35F3-305E-480E-8827-AA764D82BE4A}.Debug|x86.Build.0 = Debug|Any CPU
		{7FBF35F3-305E-480E-8827-AA764D82BE4A}.Release|Any CPU.ActiveCfg = Release|Any CPU
		{7FBF35F3-305E-480E-8827-AA764D82BE4A}.Release|Any CPU.Build.0 = Release|Any CPU
		{7FBF35F3-305E-480E-8827-AA764D82BE4A}.Release|x64.ActiveCfg = Release|Any CPU
		{7FBF35F3-305E-480E-8827-AA764D82BE4A}.Release|x64.Build.0 = Release|Any CPU
		{7FBF35F3-305E-480E-8827-AA764D82BE4A}.Release|x86.ActiveCfg = Release|Any CPU
		{7FBF35F3-305E-480E-8827-AA764D82BE4A}.Release|x86.Build.0 = Release|Any CPU
		{09630855-9FC2-47B2-A517-B19DE5028E23}.Debug|Any CPU.ActiveCfg = Debug|Any CPU
		{09630855-9FC2-47B2-A517-B19DE5028E23}.Debug|Any CPU.Build.0 = Debug|Any CPU
		{09630855-9FC2-47B2-A517-B19DE5028E23}.Debug|x64.ActiveCfg = Debug|Any CPU
		{09630855-9FC2-47B2-A517-B19DE5028E23}.Debug|x64.Build.0 = Debug|Any CPU
		{09630855-9FC2-47B2-A517-B19DE5028E23}.Debug|x86.ActiveCfg = Debug|Any CPU
		{09630855-9FC2-47B2-A517-B19DE5028E23}.Debug|x86.Build.0 = Debug|Any CPU
		{09630855-9FC2-47B2-A517-B19DE5028E23}.Release|Any CPU.ActiveCfg = Release|Any CPU
		{09630855-9FC2-47B2-A517-B19DE5028E23}.Release|Any CPU.Build.0 = Release|Any CPU
		{09630855-9FC2-47B2-A517-B19DE5028E23}.Release|x64.ActiveCfg = Release|Any CPU
		{09630855-9FC2-47B2-A517-B19DE5028E23}.Release|x64.Build.0 = Release|Any CPU
		{09630855-9FC2-47B2-A517-B19DE5028E23}.Release|x86.ActiveCfg = Release|Any CPU
		{09630855-9FC2-47B2-A517-B19DE5028E23}.Release|x86.Build.0 = Release|Any CPU
		{E7C1F9AE-61DA-45AA-8D47-F3F3F1E4D138}.Debug|Any CPU.ActiveCfg = Debug|Any CPU
		{E7C1F9AE-61DA-45AA-8D47-F3F3F1E4D138}.Debug|Any CPU.Build.0 = Debug|Any CPU
		{E7C1F9AE-61DA-45AA-8D47-F3F3F1E4D138}.Debug|x64.ActiveCfg = Debug|Any CPU
		{E7C1F9AE-61DA-45AA-8D47-F3F3F1E4D138}.Debug|x64.Build.0 = Debug|Any CPU
		{E7C1F9AE-61DA-45AA-8D47-F3F3F1E4D138}.Debug|x86.ActiveCfg = Debug|Any CPU
		{E7C1F9AE-61DA-45AA-8D47-F3F3F1E4D138}.Debug|x86.Build.0 = Debug|Any CPU
		{E7C1F9AE-61DA-45AA-8D47-F3F3F1E4D138}.Release|Any CPU.ActiveCfg = Release|Any CPU
		{E7C1F9AE-61DA-45AA-8D47-F3F3F1E4D138}.Release|Any CPU.Build.0 = Release|Any CPU
		{E7C1F9AE-61DA-45AA-8D47-F3F3F1E4D138}.Release|x64.ActiveCfg = Release|Any CPU
		{E7C1F9AE-61DA-45AA-8D47-F3F3F1E4D138}.Release|x64.Build.0 = Release|Any CPU
		{E7C1F9AE-61DA-45AA-8D47-F3F3F1E4D138}.Release|x86.ActiveCfg = Release|Any CPU
		{E7C1F9AE-61DA-45AA-8D47-F3F3F1E4D138}.Release|x86.Build.0 = Release|Any CPU
		{90B07AC7-1B8B-459D-BEDC-ED6C4D19864E}.Debug|Any CPU.ActiveCfg = Debug|Any CPU
		{90B07AC7-1B8B-459D-BEDC-ED6C4D19864E}.Debug|Any CPU.Build.0 = Debug|Any CPU
		{90B07AC7-1B8B-459D-BEDC-ED6C4D19864E}.Debug|x64.ActiveCfg = Debug|Any CPU
		{90B07AC7-1B8B-459D-BEDC-ED6C4D19864E}.Debug|x64.Build.0 = Debug|Any CPU
		{90B07AC7-1B8B-459D-BEDC-ED6C4D19864E}.Debug|x86.ActiveCfg = Debug|Any CPU
		{90B07AC7-1B8B-459D-BEDC-ED6C4D19864E}.Debug|x86.Build.0 = Debug|Any CPU
		{90B07AC7-1B8B-459D-BEDC-ED6C4D19864E}.Release|Any CPU.ActiveCfg = Release|Any CPU
		{90B07AC7-1B8B-459D-BEDC-ED6C4D19864E}.Release|Any CPU.Build.0 = Release|Any CPU
		{90B07AC7-1B8B-459D-BEDC-ED6C4D19864E}.Release|x64.ActiveCfg = Release|Any CPU
		{90B07AC7-1B8B-459D-BEDC-ED6C4D19864E}.Release|x64.Build.0 = Release|Any CPU
		{90B07AC7-1B8B-459D-BEDC-ED6C4D19864E}.Release|x86.ActiveCfg = Release|Any CPU
		{90B07AC7-1B8B-459D-BEDC-ED6C4D19864E}.Release|x86.Build.0 = Release|Any CPU
		{296D8627-3630-42CC-85E9-52D6CCB89287}.Debug|Any CPU.ActiveCfg = Debug|Any CPU
		{296D8627-3630-42CC-85E9-52D6CCB89287}.Debug|Any CPU.Build.0 = Debug|Any CPU
		{296D8627-3630-42CC-85E9-52D6CCB89287}.Debug|x64.ActiveCfg = Debug|Any CPU
		{296D8627-3630-42CC-85E9-52D6CCB89287}.Debug|x64.Build.0 = Debug|Any CPU
		{296D8627-3630-42CC-85E9-52D6CCB89287}.Debug|x86.ActiveCfg = Debug|Any CPU
		{296D8627-3630-42CC-85E9-52D6CCB89287}.Debug|x86.Build.0 = Debug|Any CPU
		{296D8627-3630-42CC-85E9-52D6CCB89287}.Release|Any CPU.ActiveCfg = Release|Any CPU
		{296D8627-3630-42CC-85E9-52D6CCB89287}.Release|Any CPU.Build.0 = Release|Any CPU
		{296D8627-3630-42CC-85E9-52D6CCB89287}.Release|x64.ActiveCfg = Release|Any CPU
		{296D8627-3630-42CC-85E9-52D6CCB89287}.Release|x64.Build.0 = Release|Any CPU
		{296D8627-3630-42CC-85E9-52D6CCB89287}.Release|x86.ActiveCfg = Release|Any CPU
		{296D8627-3630-42CC-85E9-52D6CCB89287}.Release|x86.Build.0 = Release|Any CPU
		{9741409D-DCA5-48DC-8A11-8C23D26DC981}.Debug|Any CPU.ActiveCfg = Debug|Any CPU
		{9741409D-DCA5-48DC-8A11-8C23D26DC981}.Debug|Any CPU.Build.0 = Debug|Any CPU
		{9741409D-DCA5-48DC-8A11-8C23D26DC981}.Debug|x64.ActiveCfg = Debug|Any CPU
		{9741409D-DCA5-48DC-8A11-8C23D26DC981}.Debug|x64.Build.0 = Debug|Any CPU
		{9741409D-DCA5-48DC-8A11-8C23D26DC981}.Debug|x86.ActiveCfg = Debug|Any CPU
		{9741409D-DCA5-48DC-8A11-8C23D26DC981}.Debug|x86.Build.0 = Debug|Any CPU
		{9741409D-DCA5-48DC-8A11-8C23D26DC981}.Release|Any CPU.ActiveCfg = Release|Any CPU
		{9741409D-DCA5-48DC-8A11-8C23D26DC981}.Release|Any CPU.Build.0 = Release|Any CPU
		{9741409D-DCA5-48DC-8A11-8C23D26DC981}.Release|x64.ActiveCfg = Release|Any CPU
		{9741409D-DCA5-48DC-8A11-8C23D26DC981}.Release|x64.Build.0 = Release|Any CPU
		{9741409D-DCA5-48DC-8A11-8C23D26DC981}.Release|x86.ActiveCfg = Release|Any CPU
		{9741409D-DCA5-48DC-8A11-8C23D26DC981}.Release|x86.Build.0 = Release|Any CPU
		{D5A5BD2E-C707-4C69-89D0-71665C5C0378}.Debug|Any CPU.ActiveCfg = Debug|Any CPU
		{D5A5BD2E-C707-4C69-89D0-71665C5C0378}.Debug|Any CPU.Build.0 = Debug|Any CPU
		{D5A5BD2E-C707-4C69-89D0-71665C5C0378}.Debug|x64.ActiveCfg = Debug|Any CPU
		{D5A5BD2E-C707-4C69-89D0-71665C5C0378}.Debug|x64.Build.0 = Debug|Any CPU
		{D5A5BD2E-C707-4C69-89D0-71665C5C0378}.Debug|x86.ActiveCfg = Debug|Any CPU
		{D5A5BD2E-C707-4C69-89D0-71665C5C0378}.Debug|x86.Build.0 = Debug|Any CPU
		{D5A5BD2E-C707-4C69-89D0-71665C5C0378}.Release|Any CPU.ActiveCfg = Release|Any CPU
		{D5A5BD2E-C707-4C69-89D0-71665C5C0378}.Release|Any CPU.Build.0 = Release|Any CPU
		{D5A5BD2E-C707-4C69-89D0-71665C5C0378}.Release|x64.ActiveCfg = Release|Any CPU
		{D5A5BD2E-C707-4C69-89D0-71665C5C0378}.Release|x64.Build.0 = Release|Any CPU
		{D5A5BD2E-C707-4C69-89D0-71665C5C0378}.Release|x86.ActiveCfg = Release|Any CPU
		{D5A5BD2E-C707-4C69-89D0-71665C5C0378}.Release|x86.Build.0 = Release|Any CPU
		{B7525F3C-0A64-4429-A826-FF714D3492B4}.Debug|Any CPU.ActiveCfg = Debug|Any CPU
		{B7525F3C-0A64-4429-A826-FF714D3492B4}.Debug|Any CPU.Build.0 = Debug|Any CPU
		{B7525F3C-0A64-4429-A826-FF714D3492B4}.Debug|x64.ActiveCfg = Debug|Any CPU
		{B7525F3C-0A64-4429-A826-FF714D3492B4}.Debug|x64.Build.0 = Debug|Any CPU
		{B7525F3C-0A64-4429-A826-FF714D3492B4}.Debug|x86.ActiveCfg = Debug|Any CPU
		{B7525F3C-0A64-4429-A826-FF714D3492B4}.Debug|x86.Build.0 = Debug|Any CPU
		{B7525F3C-0A64-4429-A826-FF714D3492B4}.Release|Any CPU.ActiveCfg = Release|Any CPU
		{B7525F3C-0A64-4429-A826-FF714D3492B4}.Release|Any CPU.Build.0 = Release|Any CPU
		{B7525F3C-0A64-4429-A826-FF714D3492B4}.Release|x64.ActiveCfg = Release|Any CPU
		{B7525F3C-0A64-4429-A826-FF714D3492B4}.Release|x64.Build.0 = Release|Any CPU
		{B7525F3C-0A64-4429-A826-FF714D3492B4}.Release|x86.ActiveCfg = Release|Any CPU
		{B7525F3C-0A64-4429-A826-FF714D3492B4}.Release|x86.Build.0 = Release|Any CPU
		{EB57B12A-A4DA-4AC8-94F1-D4CFCCDE01D7}.Debug|Any CPU.ActiveCfg = Debug|Any CPU
		{EB57B12A-A4DA-4AC8-94F1-D4CFCCDE01D7}.Debug|Any CPU.Build.0 = Debug|Any CPU
		{EB57B12A-A4DA-4AC8-94F1-D4CFCCDE01D7}.Debug|x64.ActiveCfg = Debug|Any CPU
		{EB57B12A-A4DA-4AC8-94F1-D4CFCCDE01D7}.Debug|x64.Build.0 = Debug|Any CPU
		{EB57B12A-A4DA-4AC8-94F1-D4CFCCDE01D7}.Debug|x86.ActiveCfg = Debug|Any CPU
		{EB57B12A-A4DA-4AC8-94F1-D4CFCCDE01D7}.Debug|x86.Build.0 = Debug|Any CPU
		{EB57B12A-A4DA-4AC8-94F1-D4CFCCDE01D7}.Release|Any CPU.ActiveCfg = Release|Any CPU
		{EB57B12A-A4DA-4AC8-94F1-D4CFCCDE01D7}.Release|Any CPU.Build.0 = Release|Any CPU
		{EB57B12A-A4DA-4AC8-94F1-D4CFCCDE01D7}.Release|x64.ActiveCfg = Release|Any CPU
		{EB57B12A-A4DA-4AC8-94F1-D4CFCCDE01D7}.Release|x64.Build.0 = Release|Any CPU
		{EB57B12A-A4DA-4AC8-94F1-D4CFCCDE01D7}.Release|x86.ActiveCfg = Release|Any CPU
		{EB57B12A-A4DA-4AC8-94F1-D4CFCCDE01D7}.Release|x86.Build.0 = Release|Any CPU
		{2958391C-4354-4855-A8B6-183172052C45}.Debug|Any CPU.ActiveCfg = Debug|Any CPU
		{2958391C-4354-4855-A8B6-183172052C45}.Debug|Any CPU.Build.0 = Debug|Any CPU
		{2958391C-4354-4855-A8B6-183172052C45}.Debug|x64.ActiveCfg = Debug|Any CPU
		{2958391C-4354-4855-A8B6-183172052C45}.Debug|x64.Build.0 = Debug|Any CPU
		{2958391C-4354-4855-A8B6-183172052C45}.Debug|x86.ActiveCfg = Debug|Any CPU
		{2958391C-4354-4855-A8B6-183172052C45}.Debug|x86.Build.0 = Debug|Any CPU
		{2958391C-4354-4855-A8B6-183172052C45}.Release|Any CPU.ActiveCfg = Release|Any CPU
		{2958391C-4354-4855-A8B6-183172052C45}.Release|Any CPU.Build.0 = Release|Any CPU
		{2958391C-4354-4855-A8B6-183172052C45}.Release|x64.ActiveCfg = Release|Any CPU
		{2958391C-4354-4855-A8B6-183172052C45}.Release|x64.Build.0 = Release|Any CPU
		{2958391C-4354-4855-A8B6-183172052C45}.Release|x86.ActiveCfg = Release|Any CPU
		{2958391C-4354-4855-A8B6-183172052C45}.Release|x86.Build.0 = Release|Any CPU
		{15A06E2B-0ED9-493B-85F2-BA1EA791E187}.Debug|Any CPU.ActiveCfg = Debug|Any CPU
		{15A06E2B-0ED9-493B-85F2-BA1EA791E187}.Debug|Any CPU.Build.0 = Debug|Any CPU
		{15A06E2B-0ED9-493B-85F2-BA1EA791E187}.Debug|x64.ActiveCfg = Debug|Any CPU
		{15A06E2B-0ED9-493B-85F2-BA1EA791E187}.Debug|x64.Build.0 = Debug|Any CPU
		{15A06E2B-0ED9-493B-85F2-BA1EA791E187}.Debug|x86.ActiveCfg = Debug|Any CPU
		{15A06E2B-0ED9-493B-85F2-BA1EA791E187}.Debug|x86.Build.0 = Debug|Any CPU
		{15A06E2B-0ED9-493B-85F2-BA1EA791E187}.Release|Any CPU.ActiveCfg = Release|Any CPU
		{15A06E2B-0ED9-493B-85F2-BA1EA791E187}.Release|Any CPU.Build.0 = Release|Any CPU
		{15A06E2B-0ED9-493B-85F2-BA1EA791E187}.Release|x64.ActiveCfg = Release|Any CPU
		{15A06E2B-0ED9-493B-85F2-BA1EA791E187}.Release|x64.Build.0 = Release|Any CPU
		{15A06E2B-0ED9-493B-85F2-BA1EA791E187}.Release|x86.ActiveCfg = Release|Any CPU
		{15A06E2B-0ED9-493B-85F2-BA1EA791E187}.Release|x86.Build.0 = Release|Any CPU
	EndGlobalSection
	GlobalSection(SolutionProperties) = preSolution
		HideSolutionNode = FALSE
	EndGlobalSection
	GlobalSection(NestedProjects) = preSolution
		{74545473-644B-4E6C-93ED-3C28A3644C1F} = {02231DAD-9170-4A25-8A5B-A7E43B909B32}
		{92BAAF09-712A-4C42-89DE-27C5C2353B6B} = {02231DAD-9170-4A25-8A5B-A7E43B909B32}
		{8178B3B7-4F14-4644-B299-C0A2B751518B} = {02231DAD-9170-4A25-8A5B-A7E43B909B32}
		{32F87F58-A217-42EE-AA44-3919A593A0FB} = {02231DAD-9170-4A25-8A5B-A7E43B909B32}
		{499228E1-6342-4E60-BC15-47FAF0DCEF88} = {02231DAD-9170-4A25-8A5B-A7E43B909B32}
		{AF17283F-B1D6-4340-B4BC-C39471F95DE8} = {02231DAD-9170-4A25-8A5B-A7E43B909B32}
		{00E49CE3-96BD-4FB9-B5C0-599594F37EA1} = {02231DAD-9170-4A25-8A5B-A7E43B909B32}
		{27512690-217F-4EF3-B3A4-E9D476A32987} = {02231DAD-9170-4A25-8A5B-A7E43B909B32}
		{5AAE5478-02FF-4167-BBB5-E781F5FF6768} = {02231DAD-9170-4A25-8A5B-A7E43B909B32}
		{D0B15888-2D6E-4B09-A25C-CEB0ACF5EACA} = {02231DAD-9170-4A25-8A5B-A7E43B909B32}
		{FF892A3A-6CD0-4B27-A153-317EEAB8C3BA} = {02231DAD-9170-4A25-8A5B-A7E43B909B32}
		{41CC057B-14EB-4794-A1D4-178FA741099A} = {02231DAD-9170-4A25-8A5B-A7E43B909B32}
		{A06B94D7-C8E5-4785-9B3D-3BB83FF17801} = {02231DAD-9170-4A25-8A5B-A7E43B909B32}
		{7FBF35F3-305E-480E-8827-AA764D82BE4A} = {02231DAD-9170-4A25-8A5B-A7E43B909B32}
		{09630855-9FC2-47B2-A517-B19DE5028E23} = {02231DAD-9170-4A25-8A5B-A7E43B909B32}
		{E7C1F9AE-61DA-45AA-8D47-F3F3F1E4D138} = {02231DAD-9170-4A25-8A5B-A7E43B909B32}
		{90B07AC7-1B8B-459D-BEDC-ED6C4D19864E} = {02231DAD-9170-4A25-8A5B-A7E43B909B32}
		{296D8627-3630-42CC-85E9-52D6CCB89287} = {02231DAD-9170-4A25-8A5B-A7E43B909B32}
		{9741409D-DCA5-48DC-8A11-8C23D26DC981} = {02231DAD-9170-4A25-8A5B-A7E43B909B32}
		{D5A5BD2E-C707-4C69-89D0-71665C5C0378} = {02231DAD-9170-4A25-8A5B-A7E43B909B32}
		{B7525F3C-0A64-4429-A826-FF714D3492B4} = {02231DAD-9170-4A25-8A5B-A7E43B909B32}
		{EB57B12A-A4DA-4AC8-94F1-D4CFCCDE01D7} = {02231DAD-9170-4A25-8A5B-A7E43B909B32}
		{2958391C-4354-4855-A8B6-183172052C45} = {02231DAD-9170-4A25-8A5B-A7E43B909B32}
		{15A06E2B-0ED9-493B-85F2-BA1EA791E187} = {02231DAD-9170-4A25-8A5B-A7E43B909B32}
	EndGlobalSection
	GlobalSection(ExtensibilityGlobals) = postSolution
		SolutionGuid = {B757862F-6C24-4593-8D55-038D2322CE30}
	EndGlobalSection
EndGlobal
